
Microsoft Visual Studio Solution File, Format Version 12.00
# Visual Studio 15
VisualStudioVersion = 15.0.28307.960
MinimumVisualStudioVersion = 10.0.40219.1
Project("{2150E333-8FDC-42A3-9474-1A3956D46DE8}") = "未完成", "未完成", "{2BE5F4C6-2B1A-4A47-A88B-192E8BA9C70C}"
EndProject
Project("{2150E333-8FDC-42A3-9474-1A3956D46DE8}") = "已完成", "已完成", "{5DCD715D-4791-456D-B1CC-36991258CA7B}"
EndProject
Project("{8BC9CEB8-8B4A-11D0-8D11-00A0C91BC942}") = "test", "test\test.vcxproj", "{CCF53430-A251-4206-8FEC-D2DB5EBE57D1}"
EndProject
Global
	GlobalSection(SolutionConfigurationPlatforms) = preSolution
		Debug|x64 = Debug|x64
		Debug|x86 = Debug|x86
		Release|x64 = Release|x64
		Release|x86 = Release|x86
	EndGlobalSection
	GlobalSection(ProjectConfigurationPlatforms) = postSolution
		{CCF53430-A251-4206-8FEC-D2DB5EBE57D1}.Debug|x64.ActiveCfg = Debug|x64
		{CCF53430-A251-4206-8FEC-D2DB5EBE57D1}.Debug|x64.Build.0 = Debug|x64
		{CCF53430-A251-4206-8FEC-D2DB5EBE57D1}.Debug|x86.ActiveCfg = Debug|Win32
		{CCF53430-A251-4206-8FEC-D2DB5EBE57D1}.Debug|x86.Build.0 = Debug|Win32
		{CCF53430-A251-4206-8FEC-D2DB5EBE57D1}.Release|x64.ActiveCfg = Release|x64
		{CCF53430-A251-4206-8FEC-D2DB5EBE57D1}.Release|x64.Build.0 = Release|x64
		{CCF53430-A251-4206-8FEC-D2DB5EBE57D1}.Release|x86.ActiveCfg = Release|Win32
		{CCF53430-A251-4206-8FEC-D2DB5EBE57D1}.Release|x86.Build.0 = Release|Win32
	EndGlobalSection
	GlobalSection(SolutionProperties) = preSolution
		HideSolutionNode = FALSE
	EndGlobalSection
	GlobalSection(NestedProjects) = preSolution
		{CCF53430-A251-4206-8FEC-D2DB5EBE57D1} = {2BE5F4C6-2B1A-4A47-A88B-192E8BA9C70C}
	EndGlobalSection
	GlobalSection(ExtensibilityGlobals) = postSolution
		SolutionGuid = {16494D68-CAEC-412B-8D32-934BDCA0ECC1}
	EndGlobalSection
EndGlobal
